
Microsoft Visual Studio Solution File, Format Version 12.00
# Visual Studio Version 17
VisualStudioVersion = 17.14.36310.24
MinimumVisualStudioVersion = 10.0.40219.1
Project("{FAE04EC0-301F-11D3-BF4B-00C04F79EFBC}") = "SP EV_TAP 01", "SP EV_TAP 01\SP EV_TAP 01.csproj", "{7491888E-EF9F-480D-93EF-A7F5BC715BD3}"
EndProject
Project("{2150E333-8FDC-42A3-9474-1A3956D46DE8}") = "SP 01", "SP 01", "{02EA681E-C7D8-13C7-8484-4AC65E1B71E8}"
EndProject
Project("{2150E333-8FDC-42A3-9474-1A3956D46DE8}") = "SP 02", "SP 02", "{8CDD42E2-CC43-43BC-B771-45D2FBECD61E}"
EndProject
Project("{FAE04EC0-301F-11D3-BF4B-00C04F79EFBC}") = "SP EV_TAP 02", "SP EV_TAP 02\SP EV_TAP 02.csproj", "{A989EC25-8FDB-47A3-99AE-2E6057B8B547}"
EndProject
Project("{2150E333-8FDC-42A3-9474-1A3956D46DE8}") = "SP 03", "SP 03", "{8470D4FC-8AFE-49AF-81A7-14212DC1A602}"
EndProject
Project("{FAE04EC0-301F-11D3-BF4B-00C04F79EFBC}") = "SP EV_TAP 03", "SP EV_TAP 03\SP EV_TAP 03.csproj", "{8B61FF69-0E0D-4565-A192-66DEDFC8FF86}"
EndProject
Global
	GlobalSection(SolutionConfigurationPlatforms) = preSolution
		Debug|Any CPU = Debug|Any CPU
		Release|Any CPU = Release|Any CPU
	EndGlobalSection
	GlobalSection(ProjectConfigurationPlatforms) = postSolution
		{7491888E-EF9F-480D-93EF-A7F5BC715BD3}.Debug|Any CPU.ActiveCfg = Debug|Any CPU
		{7491888E-EF9F-480D-93EF-A7F5BC715BD3}.Debug|Any CPU.Build.0 = Debug|Any CPU
		{7491888E-EF9F-480D-93EF-A7F5BC715BD3}.Release|Any CPU.ActiveCfg = Release|Any CPU
		{7491888E-EF9F-480D-93EF-A7F5BC715BD3}.Release|Any CPU.Build.0 = Release|Any CPU
		{A989EC25-8FDB-47A3-99AE-2E6057B8B547}.Debug|Any CPU.ActiveCfg = Debug|Any CPU
		{A989EC25-8FDB-47A3-99AE-2E6057B8B547}.Debug|Any CPU.Build.0 = Debug|Any CPU
		{A989EC25-8FDB-47A3-99AE-2E6057B8B547}.Release|Any CPU.ActiveCfg = Release|Any CPU
		{A989EC25-8FDB-47A3-99AE-2E6057B8B547}.Release|Any CPU.Build.0 = Release|Any CPU
		{8B61FF69-0E0D-4565-A192-66DEDFC8FF86}.Debug|Any CPU.ActiveCfg = Debug|Any CPU
		{8B61FF69-0E0D-4565-A192-66DEDFC8FF86}.Debug|Any CPU.Build.0 = Debug|Any CPU
		{8B61FF69-0E0D-4565-A192-66DEDFC8FF86}.Release|Any CPU.ActiveCfg = Release|Any CPU
		{8B61FF69-0E0D-4565-A192-66DEDFC8FF86}.Release|Any CPU.Build.0 = Release|Any CPU
	EndGlobalSection
	GlobalSection(SolutionProperties) = preSolution
		HideSolutionNode = FALSE
	EndGlobalSection
	GlobalSection(NestedProjects) = preSolution
		{7491888E-EF9F-480D-93EF-A7F5BC715BD3} = {02EA681E-C7D8-13C7-8484-4AC65E1B71E8}
		{A989EC25-8FDB-47A3-99AE-2E6057B8B547} = {8CDD42E2-CC43-43BC-B771-45D2FBECD61E}
		{8B61FF69-0E0D-4565-A192-66DEDFC8FF86} = {8470D4FC-8AFE-49AF-81A7-14212DC1A602}
	EndGlobalSection
	GlobalSection(ExtensibilityGlobals) = postSolution
		SolutionGuid = {0EE675C7-AE18-4241-97C6-F43E8216B2E5}
	EndGlobalSection
EndGlobal
